
Microsoft Visual Studio Solution File, Format Version 12.00
# Visual Studio Version 17
VisualStudioVersion = 17.2.32616.157
MinimumVisualStudioVersion = 10.0.40219.1
Project("{9A19103F-16F7-4668-BE54-9A1E7A4F7556}") = "ASP_MVC_Test", "ASP_MVC_Test\ASP_MVC_Test.csproj", "{7770DA56-E2AD-4242-8FED-4EA23E6AD336}"
EndProject
Project("{9A19103F-16F7-4668-BE54-9A1E7A4F7556}") = "Wpf_Test", "Wpf_Test\Wpf_Test.csproj", "{EF070BE4-1F29-40F2-BC77-EE6159243BCB}"
EndProject
Global
	GlobalSection(SolutionConfigurationPlatforms) = preSolution
		Debug|Any CPU = Debug|Any CPU
		Release|Any CPU = Release|Any CPU
	EndGlobalSection
	GlobalSection(ProjectConfigurationPlatforms) = postSolution
		{7770DA56-E2AD-4242-8FED-4EA23E6AD336}.Debug|Any CPU.ActiveCfg = Debug|Any CPU
		{7770DA56-E2AD-4242-8FED-4EA23E6AD336}.Debug|Any CPU.Build.0 = Debug|Any CPU
		{7770DA56-E2AD-4242-8FED-4EA23E6AD336}.Release|Any CPU.ActiveCfg = Release|Any CPU
		{7770DA56-E2AD-4242-8FED-4EA23E6AD336}.Release|Any CPU.Build.0 = Release|Any CPU
		{EF070BE4-1F29-40F2-BC77-EE6159243BCB}.Debug|Any CPU.ActiveCfg = Debug|Any CPU
		{EF070BE4-1F29-40F2-BC77-EE6159243BCB}.Debug|Any CPU.Build.0 = Debug|Any CPU
		{EF070BE4-1F29-40F2-BC77-EE6159243BCB}.Release|Any CPU.ActiveCfg = Release|Any CPU
		{EF070BE4-1F29-40F2-BC77-EE6159243BCB}.Release|Any CPU.Build.0 = Release|Any CPU
	EndGlobalSection
	GlobalSection(SolutionProperties) = preSolution
		HideSolutionNode = FALSE
	EndGlobalSection
	GlobalSection(ExtensibilityGlobals) = postSolution
		SolutionGuid = {3C6DB3BE-0FFD-4A73-9860-F5A363AA32D9}
	EndGlobalSection
EndGlobal
